
Microsoft Visual Studio Solution File, Format Version 12.00
# Visual Studio Version 17
VisualStudioVersion = 17.0.32112.339
MinimumVisualStudioVersion = 10.0.40219.1
Project("{FAE04EC0-301F-11D3-BF4B-00C04F79EFBC}") = "AlwaysOn", "AlwaysOn\AlwaysOn.csproj", "{33352C83-32DB-457E-9255-4DD815B3A10F}"
EndProject
Global
	GlobalSection(SolutionConfigurationPlatforms) = preSolution
		Debug|Any CPU = Debug|Any CPU
		Release|Any CPU = Release|Any CPU
	EndGlobalSection
	GlobalSection(ProjectConfigurationPlatforms) = postSolution
		{33352C83-32DB-457E-9255-4DD815B3A10F}.Debug|Any CPU.ActiveCfg = Debug|Any CPU
		{33352C83-32DB-457E-9255-4DD815B3A10F}.Debug|Any CPU.Build.0 = Debug|Any CPU
		{33352C83-32DB-457E-9255-4DD815B3A10F}.Release|Any CPU.ActiveCfg = Release|Any CPU
		{33352C83-32DB-457E-9255-4DD815B3A10F}.Release|Any CPU.Build.0 = Release|Any CPU
	EndGlobalSection
	GlobalSection(SolutionProperties) = preSolution
		HideSolutionNode = FALSE
	EndGlobalSection
	GlobalSection(ExtensibilityGlobals) = postSolution
		SolutionGuid = {B1F669E5-84F7-41A7-9AB1-F8DA47BEEB33}
	EndGlobalSection
EndGlobal
